
Microsoft Visual Studio Solution File, Format Version 12.00
# Visual Studio Version 16
VisualStudioVersion = 16.0.28803.584
MinimumVisualStudioVersion = 10.0.40219.1
Project("{FAE04EC0-301F-11D3-BF4B-00C04F79EFBC}") = "hello world", "hello world\hello world.csproj", "{ABDF8457-829E-4E04-B92A-C32D46A64AEB}"
EndProject
Global
	GlobalSection(SolutionConfigurationPlatforms) = preSolution
		Debug|Any CPU = Debug|Any CPU
		Release|Any CPU = Release|Any CPU
	EndGlobalSection
	GlobalSection(ProjectConfigurationPlatforms) = postSolution
		{ABDF8457-829E-4E04-B92A-C32D46A64AEB}.Debug|Any CPU.ActiveCfg = Debug|Any CPU
		{ABDF8457-829E-4E04-B92A-C32D46A64AEB}.Debug|Any CPU.Build.0 = Debug|Any CPU
		{ABDF8457-829E-4E04-B92A-C32D46A64AEB}.Release|Any CPU.ActiveCfg = Release|Any CPU
		{ABDF8457-829E-4E04-B92A-C32D46A64AEB}.Release|Any CPU.Build.0 = Release|Any CPU
	EndGlobalSection
	GlobalSection(SolutionProperties) = preSolution
		HideSolutionNode = FALSE
	EndGlobalSection
	GlobalSection(ExtensibilityGlobals) = postSolution
		SolutionGuid = {4434169A-376F-4049-8585-DFF1925E7895}
	EndGlobalSection
EndGlobal
